// !$*UTF8*$!
{
	archiveVersion = 1;
	classes = {
	};
	objectVersion = 56;
	objects = {

/* Begin PBXBuildFile section */
		181529EE29C77D9200A28FAE /* OrderConfirmationViewController.swift in Sources */ = {isa = PBXBuildFile; fileRef = 181529ED29C77D9200A28FAE /* OrderConfirmationViewController.swift */; };
		18C7FFD529C34AD400CD5B53 /* AppDelegate.swift in Sources */ = {isa = PBXBuildFile; fileRef = 18C7FFD429C34AD400CD5B53 /* AppDelegate.swift */; };
		18C7FFD729C34AD400CD5B53 /* SceneDelegate.swift in Sources */ = {isa = PBXBuildFile; fileRef = 18C7FFD629C34AD400CD5B53 /* SceneDelegate.swift */; };
		18C7FFDC29C34AD400CD5B53 /* Main.storyboard in Resources */ = {isa = PBXBuildFile; fileRef = 18C7FFDA29C34AD400CD5B53 /* Main.storyboard */; };
		18C7FFDE29C34AD700CD5B53 /* Assets.xcassets in Resources */ = {isa = PBXBuildFile; fileRef = 18C7FFDD29C34AD700CD5B53 /* Assets.xcassets */; };
		18C7FFE129C34AD700CD5B53 /* LaunchScreen.storyboard in Resources */ = {isa = PBXBuildFile; fileRef = 18C7FFDF29C34AD700CD5B53 /* LaunchScreen.storyboard */; };
		18C7FFEA29C350DA00CD5B53 /* CategoryTableViewController.swift in Sources */ = {isa = PBXBuildFile; fileRef = 18C7FFE929C350DA00CD5B53 /* CategoryTableViewController.swift */; };
		18C7FFEC29C3512E00CD5B53 /* MenuTableViewController.swift in Sources */ = {isa = PBXBuildFile; fileRef = 18C7FFEB29C3512E00CD5B53 /* MenuTableViewController.swift */; };
		18C7FFEE29C3514000CD5B53 /* OrderTableViewController.swift in Sources */ = {isa = PBXBuildFile; fileRef = 18C7FFED29C3514000CD5B53 /* OrderTableViewController.swift */; };
		18C7FFF029C352BC00CD5B53 /* MenuItemDetailViewController.swift in Sources */ = {isa = PBXBuildFile; fileRef = 18C7FFEF29C352BC00CD5B53 /* MenuItemDetailViewController.swift */; };
		18C7FFF329C353C300CD5B53 /* MenuItem.swift in Sources */ = {isa = PBXBuildFile; fileRef = 18C7FFF229C353C300CD5B53 /* MenuItem.swift */; };
		18C7FFF529C357E700CD5B53 /* ResponseModel.swift in Sources */ = {isa = PBXBuildFile; fileRef = 18C7FFF429C357E700CD5B53 /* ResponseModel.swift */; };
		18C7FFF729C35A9C00CD5B53 /* Order.swift in Sources */ = {isa = PBXBuildFile; fileRef = 18C7FFF629C35A9C00CD5B53 /* Order.swift */; };
		18C7FFF929C35BAB00CD5B53 /* MenuController.swift in Sources */ = {isa = PBXBuildFile; fileRef = 18C7FFF829C35BAB00CD5B53 /* MenuController.swift */; };
/* End PBXBuildFile section */

/* Begin PBXFileReference section */
		181529ED29C77D9200A28FAE /* OrderConfirmationViewController.swift */ = {isa = PBXFileReference; lastKnownFileType = sourcecode.swift; path = OrderConfirmationViewController.swift; sourceTree = "<group>"; };
		18C7FFD129C34AD400CD5B53 /* OrderApp.app */ = {isa = PBXFileReference; explicitFileType = wrapper.application; includeInIndex = 0; path = OrderApp.app; sourceTree = BUILT_PRODUCTS_DIR; };
		18C7FFD429C34AD400CD5B53 /* AppDelegate.swift */ = {isa = PBXFileReference; lastKnownFileType = sourcecode.swift; path = AppDelegate.swift; sourceTree = "<group>"; };
		18C7FFD629C34AD400CD5B53 /* SceneDelegate.swift */ = {isa = PBXFileReference; lastKnownFileType = sourcecode.swift; path = SceneDelegate.swift; sourceTree = "<group>"; };
		18C7FFDB29C34AD400CD5B53 /* Base */ = {isa = PBXFileReference; lastKnownFileType = file.storyboard; name = Base; path = Base.lproj/Main.storyboard; sourceTree = "<group>"; };
		18C7FFDD29C34AD700CD5B53 /* Assets.xcassets */ = {isa = PBXFileReference; lastKnownFileType = folder.assetcatalog; path = Assets.xcassets; sourceTree = "<group>"; };
		18C7FFE029C34AD700CD5B53 /* Base */ = {isa = PBXFileReference; lastKnownFileType = file.storyboard; name = Base; path = Base.lproj/LaunchScreen.storyboard; sourceTree = "<group>"; };
		18C7FFE229C34AD700CD5B53 /* Info.plist */ = {isa = PBXFileReference; lastKnownFileType = text.plist.xml; path = Info.plist; sourceTree = "<group>"; };
		18C7FFE929C350DA00CD5B53 /* CategoryTableViewController.swift */ = {isa = PBXFileReference; lastKnownFileType = sourcecode.swift; path = CategoryTableViewController.swift; sourceTree = "<group>"; };
		18C7FFEB29C3512E00CD5B53 /* MenuTableViewController.swift */ = {isa = PBXFileReference; lastKnownFileType = sourcecode.swift; path = MenuTableViewController.swift; sourceTree = "<group>"; };
		18C7FFED29C3514000CD5B53 /* OrderTableViewController.swift */ = {isa = PBXFileReference; lastKnownFileType = sourcecode.swift; path = OrderTableViewController.swift; sourceTree = "<group>"; };
		18C7FFEF29C352BC00CD5B53 /* MenuItemDetailViewController.swift */ = {isa = PBXFileReference; lastKnownFileType = sourcecode.swift; path = MenuItemDetailViewController.swift; sourceTree = "<group>"; };
		18C7FFF229C353C300CD5B53 /* MenuItem.swift */ = {isa = PBXFileReference; lastKnownFileType = sourcecode.swift; path = MenuItem.swift; sourceTree = "<group>"; };
		18C7FFF429C357E700CD5B53 /* ResponseModel.swift */ = {isa = PBXFileReference; lastKnownFileType = sourcecode.swift; path = ResponseModel.swift; sourceTree = "<group>"; };
		18C7FFF629C35A9C00CD5B53 /* Order.swift */ = {isa = PBXFileReference; lastKnownFileType = sourcecode.swift; path = Order.swift; sourceTree = "<group>"; };
		18C7FFF829C35BAB00CD5B53 /* MenuController.swift */ = {isa = PBXFileReference; lastKnownFileType = sourcecode.swift; path = MenuController.swift; sourceTree = "<group>"; };
/* End PBXFileReference section */

/* Begin PBXFrameworksBuildPhase section */
		18C7FFCE29C34AD400CD5B53 /* Frameworks */ = {
			isa = PBXFrameworksBuildPhase;
			buildActionMask = 2147483647;
			files = (
			);
			runOnlyForDeploymentPostprocessing = 0;
		};
/* End PBXFrameworksBuildPhase section */

/* Begin PBXGroup section */
		18C7FFC829C34AD400CD5B53 = {
			isa = PBXGroup;
			children = (
				18C7FFD329C34AD400CD5B53 /* OrderApp */,
				18C7FFD229C34AD400CD5B53 /* Products */,
			);
			sourceTree = "<group>";
		};
		18C7FFD229C34AD400CD5B53 /* Products */ = {
			isa = PBXGroup;
			children = (
				18C7FFD129C34AD400CD5B53 /* OrderApp.app */,
			);
			name = Products;
			sourceTree = "<group>";
		};
		18C7FFD329C34AD400CD5B53 /* OrderApp */ = {
			isa = PBXGroup;
			children = (
				18C7FFF129C353AF00CD5B53 /* Model */,
				18C7FFE829C350C100CD5B53 /* Controllers */,
				18C7FFD429C34AD400CD5B53 /* AppDelegate.swift */,
				18C7FFD629C34AD400CD5B53 /* SceneDelegate.swift */,
				18C7FFDA29C34AD400CD5B53 /* Main.storyboard */,
				18C7FFDD29C34AD700CD5B53 /* Assets.xcassets */,
				18C7FFDF29C34AD700CD5B53 /* LaunchScreen.storyboard */,
				18C7FFE229C34AD700CD5B53 /* Info.plist */,
			);
			path = OrderApp;
			sourceTree = "<group>";
		};
		18C7FFE829C350C100CD5B53 /* Controllers */ = {
			isa = PBXGroup;
			children = (
				18C7FFE929C350DA00CD5B53 /* CategoryTableViewController.swift */,
				18C7FFEB29C3512E00CD5B53 /* MenuTableViewController.swift */,
				18C7FFED29C3514000CD5B53 /* OrderTableViewController.swift */,
				18C7FFEF29C352BC00CD5B53 /* MenuItemDetailViewController.swift */,
				181529ED29C77D9200A28FAE /* OrderConfirmationViewController.swift */,
			);
			path = Controllers;
			sourceTree = "<group>";
		};
		18C7FFF129C353AF00CD5B53 /* Model */ = {
			isa = PBXGroup;
			children = (
				18C7FFF229C353C300CD5B53 /* MenuItem.swift */,
				18C7FFF429C357E700CD5B53 /* ResponseModel.swift */,
				18C7FFF629C35A9C00CD5B53 /* Order.swift */,
				18C7FFF829C35BAB00CD5B53 /* MenuController.swift */,
			);
			path = Model;
			sourceTree = "<group>";
		};
/* End PBXGroup section */

/* Begin PBXNativeTarget section */
		18C7FFD029C34AD400CD5B53 /* OrderApp */ = {
			isa = PBXNativeTarget;
			buildConfigurationList = 18C7FFE529C34AD700CD5B53 /* Build configuration list for PBXNativeTarget "OrderApp" */;
			buildPhases = (
				18C7FFCD29C34AD400CD5B53 /* Sources */,
				18C7FFCE29C34AD400CD5B53 /* Frameworks */,
				18C7FFCF29C34AD400CD5B53 /* Resources */,
			);
			buildRules = (
			);
			dependencies = (
			);
			name = OrderApp;
			productName = OrderApp;
			productReference = 18C7FFD129C34AD400CD5B53 /* OrderApp.app */;
			productType = "com.apple.product-type.application";
		};
/* End PBXNativeTarget section */

/* Begin PBXProject section */
		18C7FFC929C34AD400CD5B53 /* Project object */ = {
			isa = PBXProject;
			attributes = {
				BuildIndependentTargetsInParallel = 1;
				LastSwiftUpdateCheck = 1400;
				LastUpgradeCheck = 1400;
				TargetAttributes = {
					18C7FFD029C34AD400CD5B53 = {
						CreatedOnToolsVersion = 14.0.1;
					};
				};
			};
			buildConfigurationList = 18C7FFCC29C34AD400CD5B53 /* Build configuration list for PBXProject "OrderApp" */;
			compatibilityVersion = "Xcode 14.0";
			developmentRegion = en;
			hasScannedForEncodings = 0;
			knownRegions = (
				en,
				Base,
			);
			mainGroup = 18C7FFC829C34AD400CD5B53;
			productRefGroup = 18C7FFD229C34AD400CD5B53 /* Products */;
			projectDirPath = "";
			projectRoot = "";
			targets = (
				18C7FFD029C34AD400CD5B53 /* OrderApp */,
			);
		};
/* End PBXProject section */

/* Begin PBXResourcesBuildPhase section */
		18C7FFCF29C34AD400CD5B53 /* Resources */ = {
			isa = PBXResourcesBuildPhase;
			buildActionMask = 2147483647;
			files = (
				18C7FFE129C34AD700CD5B53 /* LaunchScreen.storyboard in Resources */,
				18C7FFDE29C34AD700CD5B53 /* Assets.xcassets in Resources */,
				18C7FFDC29C34AD400CD5B53 /* Main.storyboard in Resources */,
			);
			runOnlyForDeploymentPostprocessing = 0;
		};
/* End PBXResourcesBuildPhase section */

/* Begin PBXSourcesBuildPhase section */
		18C7FFCD29C34AD400CD5B53 /* Sources */ = {
			isa = PBXSourcesBuildPhase;
			buildActionMask = 2147483647;
			files = (
				18C7FFF929C35BAB00CD5B53 /* MenuController.swift in Sources */,
				18C7FFF329C353C300CD5B53 /* MenuItem.swift in Sources */,
				18C7FFEC29C3512E00CD5B53 /* MenuTableViewController.swift in Sources */,
				18C7FFF029C352BC00CD5B53 /* MenuItemDetailViewController.swift in Sources */,
				18C7FFF729C35A9C00CD5B53 /* Order.swift in Sources */,
				18C7FFEE29C3514000CD5B53 /* OrderTableViewController.swift in Sources */,
				18C7FFD529C34AD400CD5B53 /* AppDelegate.swift in Sources */,
				18C7FFD729C34AD400CD5B53 /* SceneDelegate.swift in Sources */,
				18C7FFF529C357E700CD5B53 /* ResponseModel.swift in Sources */,
				181529EE29C77D9200A28FAE /* OrderConfirmationViewController.swift in Sources */,
				18C7FFEA29C350DA00CD5B53 /* CategoryTableViewController.swift in Sources */,
			);
			runOnlyForDeploymentPostprocessing = 0;
		};
/* End PBXSourcesBuildPhase section */

/* Begin PBXVariantGroup section */
		18C7FFDA29C34AD400CD5B53 /* Main.storyboard */ = {
			isa = PBXVariantGroup;
			children = (
				18C7FFDB29C34AD400CD5B53 /* Base */,
			);
			name = Main.storyboard;
			sourceTree = "<group>";
		};
		18C7FFDF29C34AD700CD5B53 /* LaunchScreen.storyboard */ = {
			isa = PBXVariantGroup;
			children = (
				18C7FFE029C34AD700CD5B53 /* Base */,
			);
			name = LaunchScreen.storyboard;
			sourceTree = "<group>";
		};
/* End PBXVariantGroup section */

/* Begin XCBuildConfiguration section */
		18C7FFE329C34AD700CD5B53 /* Debug */ = {
			isa = XCBuildConfiguration;
			buildSettings = {
				ALWAYS_SEARCH_USER_PATHS = NO;
				CLANG_ANALYZER_NONNULL = YES;
				CLANG_ANALYZER_NUMBER_OBJECT_CONVERSION = YES_AGGRESSIVE;
				CLANG_CXX_LANGUAGE_STANDARD = "gnu++20";
				CLANG_ENABLE_MODULES = YES;
				CLANG_ENABLE_OBJC_ARC = YES;
				CLANG_ENABLE_OBJC_WEAK = YES;
				CLANG_WARN_BLOCK_CAPTURE_AUTORELEASING = YES;
				CLANG_WARN_BOOL_CONVERSION = YES;
				CLANG_WARN_COMMA = YES;
				CLANG_WARN_CONSTANT_CONVERSION = YES;
				CLANG_WARN_DEPRECATED_OBJC_IMPLEMENTATIONS = YES;
				CLANG_WARN_DIRECT_OBJC_ISA_USAGE = YES_ERROR;
				CLANG_WARN_DOCUMENTATION_COMMENTS = YES;
				CLANG_WARN_EMPTY_BODY = YES;
				CLANG_WARN_ENUM_CONVERSION = YES;
				CLANG_WARN_INFINITE_RECURSION = YES;
				CLANG_WARN_INT_CONVERSION = YES;
				CLANG_WARN_NON_LITERAL_NULL_CONVERSION = YES;
				CLANG_WARN_OBJC_IMPLICIT_RETAIN_SELF = YES;
				CLANG_WARN_OBJC_LITERAL_CONVERSION = YES;
				CLANG_WARN_OBJC_ROOT_CLASS = YES_ERROR;
				CLANG_WARN_QUOTED_INCLUDE_IN_FRAMEWORK_HEADER = YES;
				CLANG_WARN_RANGE_LOOP_ANALYSIS = YES;
				CLANG_WARN_STRICT_PROTOTYPES = YES;
				CLANG_WARN_SUSPICIOUS_MOVE = YES;
				CLANG_WARN_UNGUARDED_AVAILABILITY = YES_AGGRESSIVE;
				CLANG_WARN_UNREACHABLE_CODE = YES;
				CLANG_WARN__DUPLICATE_METHOD_MATCH = YES;
				COPY_PHASE_STRIP = NO;
				DEBUG_INFORMATION_FORMAT = dwarf;
				ENABLE_STRICT_OBJC_MSGSEND = YES;
				ENABLE_TESTABILITY = YES;
				GCC_C_LANGUAGE_STANDARD = gnu11;
				GCC_DYNAMIC_NO_PIC = NO;
				GCC_NO_COMMON_BLOCKS = YES;
				GCC_OPTIMIZATION_LEVEL = 0;
				GCC_PREPROCESSOR_DEFINITIONS = (
					"DEBUG=1",
					"$(inherited)",
				);
				GCC_WARN_64_TO_32_BIT_CONVERSION = YES;
				GCC_WARN_ABOUT_RETURN_TYPE = YES_ERROR;
				GCC_WARN_UNDECLARED_SELECTOR = YES;
				GCC_WARN_UNINITIALIZED_AUTOS = YES_AGGRESSIVE;
				GCC_WARN_UNUSED_FUNCTION = YES;
				GCC_WARN_UNUSED_VARIABLE = YES;
				IPHONEOS_DEPLOYMENT_TARGET = 16.0;
				MTL_ENABLE_DEBUG_INFO = INCLUDE_SOURCE;
				MTL_FAST_MATH = YES;
				ONLY_ACTIVE_ARCH = YES;
				SDKROOT = iphoneos;
				SWIFT_ACTIVE_COMPILATION_CONDITIONS = DEBUG;
				SWIFT_OPTIMIZATION_LEVEL = "-Onone";
			};
			name = Debug;
		};
		18C7FFE429C34AD700CD5B53 /* Release */ = {
			isa = XCBuildConfiguration;
			buildSettings = {
				ALWAYS_SEARCH_USER_PATHS = NO;
				CLANG_ANALYZER_NONNULL = YES;
				CLANG_ANALYZER_NUMBER_OBJECT_CONVERSION = YES_AGGRESSIVE;
				CLANG_CXX_LANGUAGE_STANDARD = "gnu++20";
				CLANG_ENABLE_MODULES = YES;
				CLANG_ENABLE_OBJC_ARC = YES;
				CLANG_ENABLE_OBJC_WEAK = YES;
				CLANG_WARN_BLOCK_CAPTURE_AUTORELEASING = YES;
				CLANG_WARN_BOOL_CONVERSION = YES;
				CLANG_WARN_COMMA = YES;
				CLANG_WARN_CONSTANT_CONVERSION = YES;
				CLANG_WARN_DEPRECATED_OBJC_IMPLEMENTATIONS = YES;
				CLANG_WARN_DIRECT_OBJC_ISA_USAGE = YES_ERROR;
				CLANG_WARN_DOCUMENTATION_COMMENTS = YES;
				CLANG_WARN_EMPTY_BODY = YES;
				CLANG_WARN_ENUM_CONVERSION = YES;
				CLANG_WARN_INFINITE_RECURSION = YES;
				CLANG_WARN_INT_CONVERSION = YES;
				CLANG_WARN_NON_LITERAL_NULL_CONVERSION = YES;
				CLANG_WARN_OBJC_IMPLICIT_RETAIN_SELF = YES;
				CLANG_WARN_OBJC_LITERAL_CONVERSION = YES;
				CLANG_WARN_OBJC_ROOT_CLASS = YES_ERROR;
				CLANG_WARN_QUOTED_INCLUDE_IN_FRAMEWORK_HEADER = YES;
				CLANG_WARN_RANGE_LOOP_ANALYSIS = YES;
				CLANG_WARN_STRICT_PROTOTYPES = YES;
				CLANG_WARN_SUSPICIOUS_MOVE = YES;
				CLANG_WARN_UNGUARDED_AVAILABILITY = YES_AGGRESSIVE;
				CLANG_WARN_UNREACHABLE_CODE = YES;
				CLANG_WARN__DUPLICATE_METHOD_MATCH = YES;
				COPY_PHASE_STRIP = NO;
				DEBUG_INFORMATION_FORMAT = "dwarf-with-dsym";
				ENABLE_NS_ASSERTIONS = NO;
				ENABLE_STRICT_OBJC_MSGSEND = YES;
				GCC_C_LANGUAGE_STANDARD = gnu11;
				GCC_NO_COMMON_BLOCKS = YES;
				GCC_WARN_64_TO_32_BIT_CONVERSION = YES;
				GCC_WARN_ABOUT_RETURN_TYPE = YES_ERROR;
				GCC_WARN_UNDECLARED_SELECTOR = YES;
				GCC_WARN_UNINITIALIZED_AUTOS = YES_AGGRESSIVE;
				GCC_WARN_UNUSED_FUNCTION = YES;
				GCC_WARN_UNUSED_VARIABLE = YES;
				IPHONEOS_DEPLOYMENT_TARGET = 16.0;
				MTL_ENABLE_DEBUG_INFO = NO;
				MTL_FAST_MATH = YES;
				SDKROOT = iphoneos;
				SWIFT_COMPILATION_MODE = wholemodule;
				SWIFT_OPTIMIZATION_LEVEL = "-O";
				VALIDATE_PRODUCT = YES;
			};
			name = Release;
		};
		18C7FFE629C34AD700CD5B53 /* Debug */ = {
			isa = XCBuildConfiguration;
			buildSettings = {
				ASSETCATALOG_COMPILER_APPICON_NAME = AppIcon;
				ASSETCATALOG_COMPILER_GLOBAL_ACCENT_COLOR_NAME = AccentColor;
				CODE_SIGN_STYLE = Automatic;
				CURRENT_PROJECT_VERSION = 1;
				GENERATE_INFOPLIST_FILE = YES;
				INFOPLIST_FILE = OrderApp/Info.plist;
				INFOPLIST_KEY_UIApplicationSupportsIndirectInputEvents = YES;
				INFOPLIST_KEY_UILaunchStoryboardName = LaunchScreen;
				INFOPLIST_KEY_UIMainStoryboardFile = Main;
				INFOPLIST_KEY_UISupportedInterfaceOrientations_iPad = "UIInterfaceOrientationPortrait UIInterfaceOrientationPortraitUpsideDown UIInterfaceOrientationLandscapeLeft UIInterfaceOrientationLandscapeRight";
				INFOPLIST_KEY_UISupportedInterfaceOrientations_iPhone = "UIInterfaceOrientationPortrait UIInterfaceOrientationLandscapeLeft UIInterfaceOrientationLandscapeRight";
				IPHONEOS_DEPLOYMENT_TARGET = 16.0;
				LD_RUNPATH_SEARCH_PATHS = (
					"$(inherited)",
					"@executable_path/Frameworks",
				);
				MARKETING_VERSION = 1.0;
				PRODUCT_BUNDLE_IDENTIFIER = com.ifts.OrderApp;
				PRODUCT_NAME = "$(TARGET_NAME)";
				SUPPORTED_PLATFORMS = "iphoneos iphonesimulator";
				SUPPORTS_MACCATALYST = NO;
				SUPPORTS_MAC_DESIGNED_FOR_IPHONE_IPAD = NO;
				SWIFT_EMIT_LOC_STRINGS = YES;
				SWIFT_VERSION = 5.0;
				TARGETED_DEVICE_FAMILY = "1,2";
			};
			name = Debug;
		};
		18C7FFE729C34AD700CD5B53 /* Release */ = {
			isa = XCBuildConfiguration;
			buildSettings = {
				ASSETCATALOG_COMPILER_APPICON_NAME = AppIcon;
				ASSETCATALOG_COMPILER_GLOBAL_ACCENT_COLOR_NAME = AccentColor;
				CODE_SIGN_STYLE = Automatic;
				CURRENT_PROJECT_VERSION = 1;
				GENERATE_INFOPLIST_FILE = YES;
				INFOPLIST_FILE = OrderApp/Info.plist;
				INFOPLIST_KEY_UIApplicationSupportsIndirectInputEvents = YES;
				INFOPLIST_KEY_UILaunchStoryboardName = LaunchScreen;
				INFOPLIST_KEY_UIMainStoryboardFile = Main;
				INFOPLIST_KEY_UISupportedInterfaceOrientations_iPad = "UIInterfaceOrientationPortrait UIInterfaceOrientationPortraitUpsideDown UIInterfaceOrientationLandscapeLeft UIInterfaceOrientationLandscapeRight";
				INFOPLIST_KEY_UISupportedInterfaceOrientations_iPhone = "UIInterfaceOrientationPortrait UIInterfaceOrientationLandscapeLeft UIInterfaceOrientationLandscapeRight";
				IPHONEOS_DEPLOYMENT_TARGET = 16.0;
				LD_RUNPATH_SEARCH_PATHS = (
					"$(inherited)",
					"@executable_path/Frameworks",
				);
				MARKETING_VERSION = 1.0;
				PRODUCT_BUNDLE_IDENTIFIER = com.ifts.OrderApp;
				PRODUCT_NAME = "$(TARGET_NAME)";
				SUPPORTED_PLATFORMS = "iphoneos iphonesimulator";
				SUPPORTS_MACCATALYST = NO;
				SUPPORTS_MAC_DESIGNED_FOR_IPHONE_IPAD = NO;
				SWIFT_EMIT_LOC_STRINGS = YES;
				SWIFT_VERSION = 5.0;
				TARGETED_DEVICE_FAMILY = "1,2";
			};
			name = Release;
		};
/* End XCBuildConfiguration section */

/* Begin XCConfigurationList section */
		18C7FFCC29C34AD400CD5B53 /* Build configuration list for PBXProject "OrderApp" */ = {
			isa = XCConfigurationList;
			buildConfigurations = (
				18C7FFE329C34AD700CD5B53 /* Debug */,
				18C7FFE429C34AD700CD5B53 /* Release */,
			);
			defaultConfigurationIsVisible = 0;
			defaultConfigurationName = Release;
		};
		18C7FFE529C34AD700CD5B53 /* Build configuration list for PBXNativeTarget "OrderApp" */ = {
			isa = XCConfigurationList;
			buildConfigurations = (
				18C7FFE629C34AD700CD5B53 /* Debug */,
				18C7FFE729C34AD700CD5B53 /* Release */,
			);
			defaultConfigurationIsVisible = 0;
			defaultConfigurationName = Release;
		};
/* End XCConfigurationList section */
	};
	rootObject = 18C7FFC929C34AD400CD5B53 /* Project object */;
}
